
Microsoft Visual Studio Solution File, Format Version 12.00
# Visual Studio Version 17
VisualStudioVersion = 17.8.34408.163
MinimumVisualStudioVersion = 10.0.40219.1
Project("{FAE04EC0-301F-11D3-BF4B-00C04F79EFBC}") = "HOILAI_Galgame_Tool", "HOILAI_Galgame_Tool.csproj", "{DFFC0C1F-4991-4389-ACFA-B0D9FA174D25}"
EndProject
Global
	GlobalSection(SolutionConfigurationPlatforms) = preSolution
		Debug|Any CPU = Debug|Any CPU
		Release|Any CPU = Release|Any CPU
	EndGlobalSection
	GlobalSection(ProjectConfigurationPlatforms) = postSolution
		{DFFC0C1F-4991-4389-ACFA-B0D9FA174D25}.Debug|Any CPU.ActiveCfg = Debug|Any CPU
		{DFFC0C1F-4991-4389-ACFA-B0D9FA174D25}.Debug|Any CPU.Build.0 = Debug|Any CPU
		{DFFC0C1F-4991-4389-ACFA-B0D9FA174D25}.Release|Any CPU.ActiveCfg = Release|Any CPU
		{DFFC0C1F-4991-4389-ACFA-B0D9FA174D25}.Release|Any CPU.Build.0 = Release|Any CPU
	EndGlobalSection
	GlobalSection(SolutionProperties) = preSolution
		HideSolutionNode = FALSE
	EndGlobalSection
	GlobalSection(ExtensibilityGlobals) = postSolution
		SolutionGuid = {0C99DBA6-81D6-4E0B-9B3A-17B788E0A1AE}
	EndGlobalSection
EndGlobal
